
Microsoft Visual Studio Solution File, Format Version 12.00
# Visual Studio 14
VisualStudioVersion = 14.0.24720.0
MinimumVisualStudioVersion = 10.0.40219.1
Project("{FAE04EC0-301F-11D3-BF4B-00C04F79EFBC}") = "SharedMaster", "SharedMaster\SharedMaster.csproj", "{3F6E4211-815E-4D6E-B668-CC890C8AE92A}"
EndProject
Project("{FAE04EC0-301F-11D3-BF4B-00C04F79EFBC}") = "Business", "Business\Business.csproj", "{229A7F0A-0C8A-40B7-ADBC-79B4D790E04D}"
EndProject
Project("{FAE04EC0-301F-11D3-BF4B-00C04F79EFBC}") = "Data", "Data\Data.csproj", "{73991695-DE21-40B7-97E1-6F41AD3A5ED7}"
EndProject
Project("{FAE04EC0-301F-11D3-BF4B-00C04F79EFBC}") = "Models", "Models\Models.csproj", "{B6FEC5FD-12EA-4F79-ACC4-840258FDA9CE}"
EndProject
Project("{FAE04EC0-301F-11D3-BF4B-00C04F79EFBC}") = "Integrations", "Integrations\Integrations.csproj", "{CB11F66C-02C7-485A-8C31-615F52CC7AC3}"
EndProject
Global
	GlobalSection(SolutionConfigurationPlatforms) = preSolution
		Debug|Any CPU = Debug|Any CPU
		Release|Any CPU = Release|Any CPU
	EndGlobalSection
	GlobalSection(ProjectConfigurationPlatforms) = postSolution
		{3F6E4211-815E-4D6E-B668-CC890C8AE92A}.Debug|Any CPU.ActiveCfg = Debug|Any CPU
		{3F6E4211-815E-4D6E-B668-CC890C8AE92A}.Debug|Any CPU.Build.0 = Debug|Any CPU
		{3F6E4211-815E-4D6E-B668-CC890C8AE92A}.Release|Any CPU.ActiveCfg = Release|Any CPU
		{3F6E4211-815E-4D6E-B668-CC890C8AE92A}.Release|Any CPU.Build.0 = Release|Any CPU
		{229A7F0A-0C8A-40B7-ADBC-79B4D790E04D}.Debug|Any CPU.ActiveCfg = Debug|Any CPU
		{229A7F0A-0C8A-40B7-ADBC-79B4D790E04D}.Debug|Any CPU.Build.0 = Debug|Any CPU
		{229A7F0A-0C8A-40B7-ADBC-79B4D790E04D}.Release|Any CPU.ActiveCfg = Release|Any CPU
		{229A7F0A-0C8A-40B7-ADBC-79B4D790E04D}.Release|Any CPU.Build.0 = Release|Any CPU
		{73991695-DE21-40B7-97E1-6F41AD3A5ED7}.Debug|Any CPU.ActiveCfg = Debug|Any CPU
		{73991695-DE21-40B7-97E1-6F41AD3A5ED7}.Debug|Any CPU.Build.0 = Debug|Any CPU
		{73991695-DE21-40B7-97E1-6F41AD3A5ED7}.Release|Any CPU.ActiveCfg = Release|Any CPU
		{73991695-DE21-40B7-97E1-6F41AD3A5ED7}.Release|Any CPU.Build.0 = Release|Any CPU
		{B6FEC5FD-12EA-4F79-ACC4-840258FDA9CE}.Debug|Any CPU.ActiveCfg = Debug|Any CPU
		{B6FEC5FD-12EA-4F79-ACC4-840258FDA9CE}.Debug|Any CPU.Build.0 = Debug|Any CPU
		{B6FEC5FD-12EA-4F79-ACC4-840258FDA9CE}.Release|Any CPU.ActiveCfg = Release|Any CPU
		{B6FEC5FD-12EA-4F79-ACC4-840258FDA9CE}.Release|Any CPU.Build.0 = Release|Any CPU
		{CB11F66C-02C7-485A-8C31-615F52CC7AC3}.Debug|Any CPU.ActiveCfg = Debug|Any CPU
		{CB11F66C-02C7-485A-8C31-615F52CC7AC3}.Debug|Any CPU.Build.0 = Debug|Any CPU
		{CB11F66C-02C7-485A-8C31-615F52CC7AC3}.Release|Any CPU.ActiveCfg = Release|Any CPU
		{CB11F66C-02C7-485A-8C31-615F52CC7AC3}.Release|Any CPU.Build.0 = Release|Any CPU
	EndGlobalSection
	GlobalSection(SolutionProperties) = preSolution
		HideSolutionNode = FALSE
	EndGlobalSection
EndGlobal
